{
  "object": {
    "pins": [
      {
        "package": "Socket",
        "repositoryURL": "https://github.com/Subito-it/BlueSocket",
        "state": {
          "branch": "mendoza/stable",
          "revision": "de799eab110dd3086d9607ad81f0e10d13ea6347",
          "version": null
        }
      }
    ]
  },
  "version": 1
}
